
Microsoft Visual Studio Solution File, Format Version 12.00
# Visual Studio Version 16
VisualStudioVersion = 16.0.29613.14
MinimumVisualStudioVersion = 10.0.40219.1
Project("{9A19103F-16F7-4668-BE54-9A1E7A4F7556}") = "Datalayer", "Datalayer\Datalayer.csproj", "{F9F62759-326D-484B-86BB-B468649F0151}"
EndProject
Project("{9A19103F-16F7-4668-BE54-9A1E7A4F7556}") = "Servicelayer", "Servicelayer\Servicelayer.csproj", "{B8F3876D-D5C5-4D06-80FF-AC407E7E7CC3}"
EndProject
Project("{9A19103F-16F7-4668-BE54-9A1E7A4F7556}") = "MVCHWpf", "MVCHWpf\MVCHWpf.csproj", "{D6DA4960-0715-4DC2-9FD4-F6998667B1F9}"
EndProject
Project("{FAE04EC0-301F-11D3-BF4B-00C04F79EFBC}") = "Tests", "Tests\Tests.csproj", "{673AEF20-04EF-40D3-BA00-58A059584EE5}"
EndProject
Global
	GlobalSection(SolutionConfigurationPlatforms) = preSolution
		Debug|Any CPU = Debug|Any CPU
		Release|Any CPU = Release|Any CPU
	EndGlobalSection
	GlobalSection(ProjectConfigurationPlatforms) = postSolution
		{F9F62759-326D-484B-86BB-B468649F0151}.Debug|Any CPU.ActiveCfg = Debug|Any CPU
		{F9F62759-326D-484B-86BB-B468649F0151}.Debug|Any CPU.Build.0 = Debug|Any CPU
		{F9F62759-326D-484B-86BB-B468649F0151}.Release|Any CPU.ActiveCfg = Release|Any CPU
		{F9F62759-326D-484B-86BB-B468649F0151}.Release|Any CPU.Build.0 = Release|Any CPU
		{B8F3876D-D5C5-4D06-80FF-AC407E7E7CC3}.Debug|Any CPU.ActiveCfg = Debug|Any CPU
		{B8F3876D-D5C5-4D06-80FF-AC407E7E7CC3}.Debug|Any CPU.Build.0 = Debug|Any CPU
		{B8F3876D-D5C5-4D06-80FF-AC407E7E7CC3}.Release|Any CPU.ActiveCfg = Release|Any CPU
		{B8F3876D-D5C5-4D06-80FF-AC407E7E7CC3}.Release|Any CPU.Build.0 = Release|Any CPU
		{D6DA4960-0715-4DC2-9FD4-F6998667B1F9}.Debug|Any CPU.ActiveCfg = Debug|Any CPU
		{D6DA4960-0715-4DC2-9FD4-F6998667B1F9}.Debug|Any CPU.Build.0 = Debug|Any CPU
		{D6DA4960-0715-4DC2-9FD4-F6998667B1F9}.Release|Any CPU.ActiveCfg = Release|Any CPU
		{D6DA4960-0715-4DC2-9FD4-F6998667B1F9}.Release|Any CPU.Build.0 = Release|Any CPU
		{673AEF20-04EF-40D3-BA00-58A059584EE5}.Debug|Any CPU.ActiveCfg = Debug|Any CPU
		{673AEF20-04EF-40D3-BA00-58A059584EE5}.Debug|Any CPU.Build.0 = Debug|Any CPU
		{673AEF20-04EF-40D3-BA00-58A059584EE5}.Release|Any CPU.ActiveCfg = Release|Any CPU
		{673AEF20-04EF-40D3-BA00-58A059584EE5}.Release|Any CPU.Build.0 = Release|Any CPU
	EndGlobalSection
	GlobalSection(SolutionProperties) = preSolution
		HideSolutionNode = FALSE
	EndGlobalSection
	GlobalSection(ExtensibilityGlobals) = postSolution
		SolutionGuid = {07760E56-F250-4C1A-AC85-37BBBC7EBAEE}
	EndGlobalSection
EndGlobal
