
Microsoft Visual Studio Solution File, Format Version 12.00
# Visual Studio Version 16
VisualStudioVersion = 16.0.29613.14
MinimumVisualStudioVersion = 10.0.40219.1
Project("{FAE04EC0-301F-11D3-BF4B-00C04F79EFBC}") = "Datalayer", "Datalayer\Datalayer.csproj", "{F9F62759-326D-484B-86BB-B468649F0151}"
EndProject
Global
	GlobalSection(SolutionConfigurationPlatforms) = preSolution
		Debug|Any CPU = Debug|Any CPU
		Release|Any CPU = Release|Any CPU
	EndGlobalSection
	GlobalSection(ProjectConfigurationPlatforms) = postSolution
		{F9F62759-326D-484B-86BB-B468649F0151}.Debug|Any CPU.ActiveCfg = Debug|Any CPU
		{F9F62759-326D-484B-86BB-B468649F0151}.Debug|Any CPU.Build.0 = Debug|Any CPU
		{F9F62759-326D-484B-86BB-B468649F0151}.Release|Any CPU.ActiveCfg = Release|Any CPU
		{F9F62759-326D-484B-86BB-B468649F0151}.Release|Any CPU.Build.0 = Release|Any CPU
	EndGlobalSection
	GlobalSection(SolutionProperties) = preSolution
		HideSolutionNode = FALSE
	EndGlobalSection
	GlobalSection(ExtensibilityGlobals) = postSolution
		SolutionGuid = {07760E56-F250-4C1A-AC85-37BBBC7EBAEE}
	EndGlobalSection
EndGlobal
